// !$*UTF8*$!
{
	archiveVersion = 1;
	classes = {
	};
	objectVersion = 56;
	objects = {

/* Begin PBXBuildFile section */
		C72885F92ADC0DFA000C1617 /* TournamentViewModel.swift in Sources */ = {isa = PBXBuildFile; fileRef = C72885F82ADC0DFA000C1617 /* TournamentViewModel.swift */; };
		C72885FB2AE41979000C1617 /* PlayerStats.swift in Sources */ = {isa = PBXBuildFile; fileRef = C72885FA2AE41979000C1617 /* PlayerStats.swift */; };
		C72906052AD7E6C300A136D0 /* HelpViewModel.swift in Sources */ = {isa = PBXBuildFile; fileRef = C72906042AD7E6C300A136D0 /* HelpViewModel.swift */; };
		C729062B2AD821CC00A136D0 /* PlayedMatchesView.swift in Sources */ = {isa = PBXBuildFile; fileRef = C729062A2AD821CC00A136D0 /* PlayedMatchesView.swift */; };
		C729062D2AD8226600A136D0 /* StatsView.swift in Sources */ = {isa = PBXBuildFile; fileRef = C729062C2AD8226600A136D0 /* StatsView.swift */; };
		C729062F2AD9754600A136D0 /* OpenMatchesView.swift in Sources */ = {isa = PBXBuildFile; fileRef = C729062E2AD9754600A136D0 /* OpenMatchesView.swift */; };
		C72906322AD9758100A136D0 /* MatchHelper.swift in Sources */ = {isa = PBXBuildFile; fileRef = C72906312AD9758100A136D0 /* MatchHelper.swift */; };
		C777387D2AD2DFB900312667 /* TournamentView.swift in Sources */ = {isa = PBXBuildFile; fileRef = C777387C2AD2DFB900312667 /* TournamentView.swift */; };
		C78985B22AD0869200ABEF2C /* PingPongTournamentApp.swift in Sources */ = {isa = PBXBuildFile; fileRef = C78985B12AD0869200ABEF2C /* PingPongTournamentApp.swift */; };
		C78985B62AD0869300ABEF2C /* Assets.xcassets in Resources */ = {isa = PBXBuildFile; fileRef = C78985B52AD0869300ABEF2C /* Assets.xcassets */; };
		C78985B92AD0869300ABEF2C /* Preview Assets.xcassets in Resources */ = {isa = PBXBuildFile; fileRef = C78985B82AD0869300ABEF2C /* Preview Assets.xcassets */; };
		C78985C32AD0869300ABEF2C /* PingPongTournamentTests.swift in Sources */ = {isa = PBXBuildFile; fileRef = C78985C22AD0869300ABEF2C /* PingPongTournamentTests.swift */; };
		C78985CD2AD0869300ABEF2C /* PingPongTournamentUITests.swift in Sources */ = {isa = PBXBuildFile; fileRef = C78985CC2AD0869300ABEF2C /* PingPongTournamentUITests.swift */; };
		C78985CF2AD0869300ABEF2C /* PingPongTournamentUITestsLaunchTests.swift in Sources */ = {isa = PBXBuildFile; fileRef = C78985CE2AD0869300ABEF2C /* PingPongTournamentUITestsLaunchTests.swift */; };
		C78985DC2AD087CA00ABEF2C /* SplashScreenView.swift in Sources */ = {isa = PBXBuildFile; fileRef = C78985DB2AD087CA00ABEF2C /* SplashScreenView.swift */; };
		C78985DE2AD08EE700ABEF2C /* MenuView.swift in Sources */ = {isa = PBXBuildFile; fileRef = C78985DD2AD08EE700ABEF2C /* MenuView.swift */; };
		C78985E02AD093C900ABEF2C /* StartView.swift in Sources */ = {isa = PBXBuildFile; fileRef = C78985DF2AD093C900ABEF2C /* StartView.swift */; };
		C78985E22AD0941E00ABEF2C /* HelpView.swift in Sources */ = {isa = PBXBuildFile; fileRef = C78985E12AD0941E00ABEF2C /* HelpView.swift */; };
		C7CD860B2B23782B00709649 /* Preview Content in Resources */ = {isa = PBXBuildFile; fileRef = C7CD860A2B23782B00709649 /* Preview Content */; };
/* End PBXBuildFile section */

/* Begin PBXContainerItemProxy section */
		C78985BF2AD0869300ABEF2C /* PBXContainerItemProxy */ = {
			isa = PBXContainerItemProxy;
			containerPortal = C78985A62AD0869200ABEF2C /* Project object */;
			proxyType = 1;
			remoteGlobalIDString = C78985AD2AD0869200ABEF2C;
			remoteInfo = PingPongTournament;
		};
		C78985C92AD0869300ABEF2C /* PBXContainerItemProxy */ = {
			isa = PBXContainerItemProxy;
			containerPortal = C78985A62AD0869200ABEF2C /* Project object */;
			proxyType = 1;
			remoteGlobalIDString = C78985AD2AD0869200ABEF2C;
			remoteInfo = PingPongTournament;
		};
/* End PBXContainerItemProxy section */

/* Begin PBXFileReference section */
		C72885F82ADC0DFA000C1617 /* TournamentViewModel.swift */ = {isa = PBXFileReference; lastKnownFileType = sourcecode.swift; path = TournamentViewModel.swift; sourceTree = "<group>"; };
		C72885FA2AE41979000C1617 /* PlayerStats.swift */ = {isa = PBXFileReference; lastKnownFileType = sourcecode.swift; path = PlayerStats.swift; sourceTree = "<group>"; };
		C72906042AD7E6C300A136D0 /* HelpViewModel.swift */ = {isa = PBXFileReference; lastKnownFileType = sourcecode.swift; path = HelpViewModel.swift; sourceTree = "<group>"; };
		C729062A2AD821CC00A136D0 /* PlayedMatchesView.swift */ = {isa = PBXFileReference; lastKnownFileType = sourcecode.swift; path = PlayedMatchesView.swift; sourceTree = "<group>"; };
		C729062C2AD8226600A136D0 /* StatsView.swift */ = {isa = PBXFileReference; lastKnownFileType = sourcecode.swift; path = StatsView.swift; sourceTree = "<group>"; };
		C729062E2AD9754600A136D0 /* OpenMatchesView.swift */ = {isa = PBXFileReference; lastKnownFileType = sourcecode.swift; path = OpenMatchesView.swift; sourceTree = "<group>"; };
		C72906312AD9758100A136D0 /* MatchHelper.swift */ = {isa = PBXFileReference; lastKnownFileType = sourcecode.swift; path = MatchHelper.swift; sourceTree = "<group>"; };
		C777387C2AD2DFB900312667 /* TournamentView.swift */ = {isa = PBXFileReference; lastKnownFileType = sourcecode.swift; path = TournamentView.swift; sourceTree = "<group>"; };
		C78985AE2AD0869200ABEF2C /* PingoPongo.app */ = {isa = PBXFileReference; explicitFileType = wrapper.application; includeInIndex = 0; path = PingoPongo.app; sourceTree = BUILT_PRODUCTS_DIR; };
		C78985B12AD0869200ABEF2C /* PingPongTournamentApp.swift */ = {isa = PBXFileReference; lastKnownFileType = sourcecode.swift; path = PingPongTournamentApp.swift; sourceTree = "<group>"; };
		C78985B52AD0869300ABEF2C /* Assets.xcassets */ = {isa = PBXFileReference; lastKnownFileType = folder.assetcatalog; path = Assets.xcassets; sourceTree = "<group>"; };
		C78985B82AD0869300ABEF2C /* Preview Assets.xcassets */ = {isa = PBXFileReference; lastKnownFileType = folder.assetcatalog; path = "Preview Assets.xcassets"; sourceTree = "<group>"; };
		C78985BE2AD0869300ABEF2C /* PingoPongoTests.xctest */ = {isa = PBXFileReference; explicitFileType = wrapper.cfbundle; includeInIndex = 0; path = PingoPongoTests.xctest; sourceTree = BUILT_PRODUCTS_DIR; };
		C78985C22AD0869300ABEF2C /* PingPongTournamentTests.swift */ = {isa = PBXFileReference; lastKnownFileType = sourcecode.swift; path = PingPongTournamentTests.swift; sourceTree = "<group>"; };
		C78985C82AD0869300ABEF2C /* PingoPongoUITests.xctest */ = {isa = PBXFileReference; explicitFileType = wrapper.cfbundle; includeInIndex = 0; path = PingoPongoUITests.xctest; sourceTree = BUILT_PRODUCTS_DIR; };
		C78985CC2AD0869300ABEF2C /* PingPongTournamentUITests.swift */ = {isa = PBXFileReference; lastKnownFileType = sourcecode.swift; path = PingPongTournamentUITests.swift; sourceTree = "<group>"; };
		C78985CE2AD0869300ABEF2C /* PingPongTournamentUITestsLaunchTests.swift */ = {isa = PBXFileReference; lastKnownFileType = sourcecode.swift; path = PingPongTournamentUITestsLaunchTests.swift; sourceTree = "<group>"; };
		C78985DB2AD087CA00ABEF2C /* SplashScreenView.swift */ = {isa = PBXFileReference; lastKnownFileType = sourcecode.swift; path = SplashScreenView.swift; sourceTree = "<group>"; };
		C78985DD2AD08EE700ABEF2C /* MenuView.swift */ = {isa = PBXFileReference; lastKnownFileType = sourcecode.swift; path = MenuView.swift; sourceTree = "<group>"; };
		C78985DF2AD093C900ABEF2C /* StartView.swift */ = {isa = PBXFileReference; lastKnownFileType = sourcecode.swift; path = StartView.swift; sourceTree = "<group>"; };
		C78985E12AD0941E00ABEF2C /* HelpView.swift */ = {isa = PBXFileReference; lastKnownFileType = sourcecode.swift; path = HelpView.swift; sourceTree = "<group>"; };
		C7CD860A2B23782B00709649 /* Preview Content */ = {isa = PBXFileReference; lastKnownFileType = text; path = "Preview Content"; sourceTree = "<group>"; };
/* End PBXFileReference section */

/* Begin PBXFrameworksBuildPhase section */
		C78985AB2AD0869200ABEF2C /* Frameworks */ = {
			isa = PBXFrameworksBuildPhase;
			buildActionMask = 2147483647;
			files = (
			);
			runOnlyForDeploymentPostprocessing = 0;
		};
		C78985BB2AD0869300ABEF2C /* Frameworks */ = {
			isa = PBXFrameworksBuildPhase;
			buildActionMask = 2147483647;
			files = (
			);
			runOnlyForDeploymentPostprocessing = 0;
		};
		C78985C52AD0869300ABEF2C /* Frameworks */ = {
			isa = PBXFrameworksBuildPhase;
			buildActionMask = 2147483647;
			files = (
			);
			runOnlyForDeploymentPostprocessing = 0;
		};
/* End PBXFrameworksBuildPhase section */

/* Begin PBXGroup section */
		C72906032AD7E69400A136D0 /* HelpView */ = {
			isa = PBXGroup;
			children = (
				C72906042AD7E6C300A136D0 /* HelpViewModel.swift */,
				C78985E12AD0941E00ABEF2C /* HelpView.swift */,
				C78985B72AD0869300ABEF2C /* Preview Content */,
			);
			path = HelpView;
			sourceTree = "<group>";
		};
		C72906292AD821A400A136D0 /* Tournament */ = {
			isa = PBXGroup;
			children = (
				C777387C2AD2DFB900312667 /* TournamentView.swift */,
				C729062E2AD9754600A136D0 /* OpenMatchesView.swift */,
				C729062A2AD821CC00A136D0 /* PlayedMatchesView.swift */,
				C729062C2AD8226600A136D0 /* StatsView.swift */,
				C72906302AD9756C00A136D0 /* MatchHelper */,
			);
			path = Tournament;
			sourceTree = "<group>";
		};
		C72906302AD9756C00A136D0 /* MatchHelper */ = {
			isa = PBXGroup;
			children = (
				C72906312AD9758100A136D0 /* MatchHelper.swift */,
				C72885F82ADC0DFA000C1617 /* TournamentViewModel.swift */,
				C72885FA2AE41979000C1617 /* PlayerStats.swift */,
			);
			path = MatchHelper;
			sourceTree = "<group>";
		};
		C78985A52AD0869200ABEF2C = {
			isa = PBXGroup;
			children = (
				C78985B02AD0869200ABEF2C /* PingPongTournament */,
				C78985C12AD0869300ABEF2C /* PingPongTournamentTests */,
				C78985CB2AD0869300ABEF2C /* PingPongTournamentUITests */,
				C78985AF2AD0869200ABEF2C /* Products */,
			);
			sourceTree = "<group>";
		};
		C78985AF2AD0869200ABEF2C /* Products */ = {
			isa = PBXGroup;
			children = (
				C78985AE2AD0869200ABEF2C /* PingoPongo.app */,
				C78985BE2AD0869300ABEF2C /* PingoPongoTests.xctest */,
				C78985C82AD0869300ABEF2C /* PingoPongoUITests.xctest */,
			);
			name = Products;
			sourceTree = "<group>";
		};
		C78985B02AD0869200ABEF2C /* PingPongTournament */ = {
			isa = PBXGroup;
			children = (
				C7CD860A2B23782B00709649 /* Preview Content */,
				C78985B12AD0869200ABEF2C /* PingPongTournamentApp.swift */,
				C78985DD2AD08EE700ABEF2C /* MenuView.swift */,
				C78985DF2AD093C900ABEF2C /* StartView.swift */,
				C78985DB2AD087CA00ABEF2C /* SplashScreenView.swift */,
				C78985B52AD0869300ABEF2C /* Assets.xcassets */,
				C72906292AD821A400A136D0 /* Tournament */,
				C72906032AD7E69400A136D0 /* HelpView */,
			);
			path = PingPongTournament;
			sourceTree = "<group>";
		};
		C78985B72AD0869300ABEF2C /* Preview Content */ = {
			isa = PBXGroup;
			children = (
				C78985B82AD0869300ABEF2C /* Preview Assets.xcassets */,
			);
			path = "Preview Content";
			sourceTree = "<group>";
		};
		C78985C12AD0869300ABEF2C /* PingPongTournamentTests */ = {
			isa = PBXGroup;
			children = (
				C78985C22AD0869300ABEF2C /* PingPongTournamentTests.swift */,
			);
			path = PingPongTournamentTests;
			sourceTree = "<group>";
		};
		C78985CB2AD0869300ABEF2C /* PingPongTournamentUITests */ = {
			isa = PBXGroup;
			children = (
				C78985CC2AD0869300ABEF2C /* PingPongTournamentUITests.swift */,
				C78985CE2AD0869300ABEF2C /* PingPongTournamentUITestsLaunchTests.swift */,
			);
			path = PingPongTournamentUITests;
			sourceTree = "<group>";
		};
/* End PBXGroup section */

/* Begin PBXNativeTarget section */
		C78985AD2AD0869200ABEF2C /* PingoPongo */ = {
			isa = PBXNativeTarget;
			buildConfigurationList = C78985D22AD0869300ABEF2C /* Build configuration list for PBXNativeTarget "PingoPongo" */;
			buildPhases = (
				C78985AA2AD0869200ABEF2C /* Sources */,
				C78985AB2AD0869200ABEF2C /* Frameworks */,
				C78985AC2AD0869200ABEF2C /* Resources */,
			);
			buildRules = (
			);
			dependencies = (
			);
			name = PingoPongo;
			productName = PingPongTournament;
			productReference = C78985AE2AD0869200ABEF2C /* PingoPongo.app */;
			productType = "com.apple.product-type.application";
		};
		C78985BD2AD0869300ABEF2C /* PingoPongoTests */ = {
			isa = PBXNativeTarget;
			buildConfigurationList = C78985D52AD0869300ABEF2C /* Build configuration list for PBXNativeTarget "PingoPongoTests" */;
			buildPhases = (
				C78985BA2AD0869300ABEF2C /* Sources */,
				C78985BB2AD0869300ABEF2C /* Frameworks */,
				C78985BC2AD0869300ABEF2C /* Resources */,
			);
			buildRules = (
			);
			dependencies = (
				C78985C02AD0869300ABEF2C /* PBXTargetDependency */,
			);
			name = PingoPongoTests;
			productName = PingPongTournamentTests;
			productReference = C78985BE2AD0869300ABEF2C /* PingoPongoTests.xctest */;
			productType = "com.apple.product-type.bundle.unit-test";
		};
		C78985C72AD0869300ABEF2C /* PingoPongoUITests */ = {
			isa = PBXNativeTarget;
			buildConfigurationList = C78985D82AD0869300ABEF2C /* Build configuration list for PBXNativeTarget "PingoPongoUITests" */;
			buildPhases = (
				C78985C42AD0869300ABEF2C /* Sources */,
				C78985C52AD0869300ABEF2C /* Frameworks */,
				C78985C62AD0869300ABEF2C /* Resources */,
			);
			buildRules = (
			);
			dependencies = (
				C78985CA2AD0869300ABEF2C /* PBXTargetDependency */,
			);
			name = PingoPongoUITests;
			productName = PingPongTournamentUITests;
			productReference = C78985C82AD0869300ABEF2C /* PingoPongoUITests.xctest */;
			productType = "com.apple.product-type.bundle.ui-testing";
		};
/* End PBXNativeTarget section */

/* Begin PBXProject section */
		C78985A62AD0869200ABEF2C /* Project object */ = {
			isa = PBXProject;
			attributes = {
				BuildIndependentTargetsInParallel = 1;
				LastSwiftUpdateCheck = 1430;
				LastUpgradeCheck = 1500;
				TargetAttributes = {
					C78985AD2AD0869200ABEF2C = {
						CreatedOnToolsVersion = 14.3.1;
						LastSwiftMigration = 1500;
					};
					C78985BD2AD0869300ABEF2C = {
						CreatedOnToolsVersion = 14.3.1;
						TestTargetID = C78985AD2AD0869200ABEF2C;
					};
					C78985C72AD0869300ABEF2C = {
						CreatedOnToolsVersion = 14.3.1;
						TestTargetID = C78985AD2AD0869200ABEF2C;
					};
				};
			};
			buildConfigurationList = C78985A92AD0869200ABEF2C /* Build configuration list for PBXProject "PingoPongo" */;
			compatibilityVersion = "Xcode 14.0";
			developmentRegion = en;
			hasScannedForEncodings = 0;
			knownRegions = (
				en,
				Base,
			);
			mainGroup = C78985A52AD0869200ABEF2C;
			productRefGroup = C78985AF2AD0869200ABEF2C /* Products */;
			projectDirPath = "";
			projectRoot = "";
			targets = (
				C78985AD2AD0869200ABEF2C /* PingoPongo */,
				C78985BD2AD0869300ABEF2C /* PingoPongoTests */,
				C78985C72AD0869300ABEF2C /* PingoPongoUITests */,
			);
		};
/* End PBXProject section */

/* Begin PBXResourcesBuildPhase section */
		C78985AC2AD0869200ABEF2C /* Resources */ = {
			isa = PBXResourcesBuildPhase;
			buildActionMask = 2147483647;
			files = (
				C7CD860B2B23782B00709649 /* Preview Content in Resources */,
				C78985B92AD0869300ABEF2C /* Preview Assets.xcassets in Resources */,
				C78985B62AD0869300ABEF2C /* Assets.xcassets in Resources */,
			);
			runOnlyForDeploymentPostprocessing = 0;
		};
		C78985BC2AD0869300ABEF2C /* Resources */ = {
			isa = PBXResourcesBuildPhase;
			buildActionMask = 2147483647;
			files = (
			);
			runOnlyForDeploymentPostprocessing = 0;
		};
		C78985C62AD0869300ABEF2C /* Resources */ = {
			isa = PBXResourcesBuildPhase;
			buildActionMask = 2147483647;
			files = (
			);
			runOnlyForDeploymentPostprocessing = 0;
		};
/* End PBXResourcesBuildPhase section */

/* Begin PBXSourcesBuildPhase section */
		C78985AA2AD0869200ABEF2C /* Sources */ = {
			isa = PBXSourcesBuildPhase;
			buildActionMask = 2147483647;
			files = (
				C777387D2AD2DFB900312667 /* TournamentView.swift in Sources */,
				C729062B2AD821CC00A136D0 /* PlayedMatchesView.swift in Sources */,
				C729062F2AD9754600A136D0 /* OpenMatchesView.swift in Sources */,
				C72885F92ADC0DFA000C1617 /* TournamentViewModel.swift in Sources */,
				C78985E02AD093C900ABEF2C /* StartView.swift in Sources */,
				C78985E22AD0941E00ABEF2C /* HelpView.swift in Sources */,
				C72885FB2AE41979000C1617 /* PlayerStats.swift in Sources */,
				C72906322AD9758100A136D0 /* MatchHelper.swift in Sources */,
				C78985DE2AD08EE700ABEF2C /* MenuView.swift in Sources */,
				C729062D2AD8226600A136D0 /* StatsView.swift in Sources */,
				C72906052AD7E6C300A136D0 /* HelpViewModel.swift in Sources */,
				C78985B22AD0869200ABEF2C /* PingPongTournamentApp.swift in Sources */,
				C78985DC2AD087CA00ABEF2C /* SplashScreenView.swift in Sources */,
			);
			runOnlyForDeploymentPostprocessing = 0;
		};
		C78985BA2AD0869300ABEF2C /* Sources */ = {
			isa = PBXSourcesBuildPhase;
			buildActionMask = 2147483647;
			files = (
				C78985C32AD0869300ABEF2C /* PingPongTournamentTests.swift in Sources */,
			);
			runOnlyForDeploymentPostprocessing = 0;
		};
		C78985C42AD0869300ABEF2C /* Sources */ = {
			isa = PBXSourcesBuildPhase;
			buildActionMask = 2147483647;
			files = (
				C78985CD2AD0869300ABEF2C /* PingPongTournamentUITests.swift in Sources */,
				C78985CF2AD0869300ABEF2C /* PingPongTournamentUITestsLaunchTests.swift in Sources */,
			);
			runOnlyForDeploymentPostprocessing = 0;
		};
/* End PBXSourcesBuildPhase section */

/* Begin PBXTargetDependency section */
		C78985C02AD0869300ABEF2C /* PBXTargetDependency */ = {
			isa = PBXTargetDependency;
			target = C78985AD2AD0869200ABEF2C /* PingoPongo */;
			targetProxy = C78985BF2AD0869300ABEF2C /* PBXContainerItemProxy */;
		};
		C78985CA2AD0869300ABEF2C /* PBXTargetDependency */ = {
			isa = PBXTargetDependency;
			target = C78985AD2AD0869200ABEF2C /* PingoPongo */;
			targetProxy = C78985C92AD0869300ABEF2C /* PBXContainerItemProxy */;
		};
/* End PBXTargetDependency section */

/* Begin XCBuildConfiguration section */
		C78985D02AD0869300ABEF2C /* Debug */ = {
			isa = XCBuildConfiguration;
			buildSettings = {
				ALWAYS_SEARCH_USER_PATHS = NO;
				CLANG_ANALYZER_NONNULL = YES;
				CLANG_ANALYZER_NUMBER_OBJECT_CONVERSION = YES_AGGRESSIVE;
				CLANG_CXX_LANGUAGE_STANDARD = "gnu++20";
				CLANG_ENABLE_MODULES = YES;
				CLANG_ENABLE_OBJC_ARC = YES;
				CLANG_ENABLE_OBJC_WEAK = YES;
				CLANG_WARN_BLOCK_CAPTURE_AUTORELEASING = YES;
				CLANG_WARN_BOOL_CONVERSION = YES;
				CLANG_WARN_COMMA = YES;
				CLANG_WARN_CONSTANT_CONVERSION = YES;
				CLANG_WARN_DEPRECATED_OBJC_IMPLEMENTATIONS = YES;
				CLANG_WARN_DIRECT_OBJC_ISA_USAGE = YES_ERROR;
				CLANG_WARN_DOCUMENTATION_COMMENTS = YES;
				CLANG_WARN_EMPTY_BODY = YES;
				CLANG_WARN_ENUM_CONVERSION = YES;
				CLANG_WARN_INFINITE_RECURSION = YES;
				CLANG_WARN_INT_CONVERSION = YES;
				CLANG_WARN_NON_LITERAL_NULL_CONVERSION = YES;
				CLANG_WARN_OBJC_IMPLICIT_RETAIN_SELF = YES;
				CLANG_WARN_OBJC_LITERAL_CONVERSION = YES;
				CLANG_WARN_OBJC_ROOT_CLASS = YES_ERROR;
				CLANG_WARN_QUOTED_INCLUDE_IN_FRAMEWORK_HEADER = YES;
				CLANG_WARN_RANGE_LOOP_ANALYSIS = YES;
				CLANG_WARN_STRICT_PROTOTYPES = YES;
				CLANG_WARN_SUSPICIOUS_MOVE = YES;
				CLANG_WARN_UNGUARDED_AVAILABILITY = YES_AGGRESSIVE;
				CLANG_WARN_UNREACHABLE_CODE = YES;
				CLANG_WARN__DUPLICATE_METHOD_MATCH = YES;
				COPY_PHASE_STRIP = NO;
				DEBUG_INFORMATION_FORMAT = dwarf;
				ENABLE_STRICT_OBJC_MSGSEND = YES;
				ENABLE_TESTABILITY = YES;
				ENABLE_USER_SCRIPT_SANDBOXING = YES;
				GCC_C_LANGUAGE_STANDARD = gnu11;
				GCC_DYNAMIC_NO_PIC = NO;
				GCC_NO_COMMON_BLOCKS = YES;
				GCC_OPTIMIZATION_LEVEL = 0;
				GCC_PREPROCESSOR_DEFINITIONS = (
					"DEBUG=1",
					"$(inherited)",
				);
				GCC_WARN_64_TO_32_BIT_CONVERSION = YES;
				GCC_WARN_ABOUT_RETURN_TYPE = YES_ERROR;
				GCC_WARN_UNDECLARED_SELECTOR = YES;
				GCC_WARN_UNINITIALIZED_AUTOS = YES_AGGRESSIVE;
				GCC_WARN_UNUSED_FUNCTION = YES;
				GCC_WARN_UNUSED_VARIABLE = YES;
				IPHONEOS_DEPLOYMENT_TARGET = 17.0;
				MTL_ENABLE_DEBUG_INFO = INCLUDE_SOURCE;
				MTL_FAST_MATH = YES;
				ONLY_ACTIVE_ARCH = YES;
				SDKROOT = iphoneos;
				SWIFT_ACTIVE_COMPILATION_CONDITIONS = DEBUG;
				SWIFT_OPTIMIZATION_LEVEL = "-Onone";
			};
			name = Debug;
		};
		C78985D12AD0869300ABEF2C /* Release */ = {
			isa = XCBuildConfiguration;
			buildSettings = {
				ALWAYS_SEARCH_USER_PATHS = NO;
				CLANG_ANALYZER_NONNULL = YES;
				CLANG_ANALYZER_NUMBER_OBJECT_CONVERSION = YES_AGGRESSIVE;
				CLANG_CXX_LANGUAGE_STANDARD = "gnu++20";
				CLANG_ENABLE_MODULES = YES;
				CLANG_ENABLE_OBJC_ARC = YES;
				CLANG_ENABLE_OBJC_WEAK = YES;
				CLANG_WARN_BLOCK_CAPTURE_AUTORELEASING = YES;
				CLANG_WARN_BOOL_CONVERSION = YES;
				CLANG_WARN_COMMA = YES;
				CLANG_WARN_CONSTANT_CONVERSION = YES;
				CLANG_WARN_DEPRECATED_OBJC_IMPLEMENTATIONS = YES;
				CLANG_WARN_DIRECT_OBJC_ISA_USAGE = YES_ERROR;
				CLANG_WARN_DOCUMENTATION_COMMENTS = YES;
				CLANG_WARN_EMPTY_BODY = YES;
				CLANG_WARN_ENUM_CONVERSION = YES;
				CLANG_WARN_INFINITE_RECURSION = YES;
				CLANG_WARN_INT_CONVERSION = YES;
				CLANG_WARN_NON_LITERAL_NULL_CONVERSION = YES;
				CLANG_WARN_OBJC_IMPLICIT_RETAIN_SELF = YES;
				CLANG_WARN_OBJC_LITERAL_CONVERSION = YES;
				CLANG_WARN_OBJC_ROOT_CLASS = YES_ERROR;
				CLANG_WARN_QUOTED_INCLUDE_IN_FRAMEWORK_HEADER = YES;
				CLANG_WARN_RANGE_LOOP_ANALYSIS = YES;
				CLANG_WARN_STRICT_PROTOTYPES = YES;
				CLANG_WARN_SUSPICIOUS_MOVE = YES;
				CLANG_WARN_UNGUARDED_AVAILABILITY = YES_AGGRESSIVE;
				CLANG_WARN_UNREACHABLE_CODE = YES;
				CLANG_WARN__DUPLICATE_METHOD_MATCH = YES;
				COPY_PHASE_STRIP = NO;
				DEBUG_INFORMATION_FORMAT = "dwarf-with-dsym";
				ENABLE_NS_ASSERTIONS = NO;
				ENABLE_STRICT_OBJC_MSGSEND = YES;
				ENABLE_USER_SCRIPT_SANDBOXING = YES;
				GCC_C_LANGUAGE_STANDARD = gnu11;
				GCC_NO_COMMON_BLOCKS = YES;
				GCC_WARN_64_TO_32_BIT_CONVERSION = YES;
				GCC_WARN_ABOUT_RETURN_TYPE = YES_ERROR;
				GCC_WARN_UNDECLARED_SELECTOR = YES;
				GCC_WARN_UNINITIALIZED_AUTOS = YES_AGGRESSIVE;
				GCC_WARN_UNUSED_FUNCTION = YES;
				GCC_WARN_UNUSED_VARIABLE = YES;
				IPHONEOS_DEPLOYMENT_TARGET = 17.0;
				MTL_ENABLE_DEBUG_INFO = NO;
				MTL_FAST_MATH = YES;
				SDKROOT = iphoneos;
				SWIFT_COMPILATION_MODE = wholemodule;
				SWIFT_OPTIMIZATION_LEVEL = "-O";
				VALIDATE_PRODUCT = YES;
			};
			name = Release;
		};
		C78985D32AD0869300ABEF2C /* Debug */ = {
			isa = XCBuildConfiguration;
			buildSettings = {
				ASSETCATALOG_COMPILER_APPICON_NAME = AppIcon;
				ASSETCATALOG_COMPILER_GLOBAL_ACCENT_COLOR_NAME = AccentColor;
				CLANG_ENABLE_MODULES = YES;
				CODE_SIGN_STYLE = Automatic;
				CURRENT_PROJECT_VERSION = 1;
				DEVELOPMENT_ASSET_PATHS = "\"PingPongTournament/Preview Content\"";
				DEVELOPMENT_TEAM = "";
				ENABLE_PREVIEWS = YES;
				GENERATE_INFOPLIST_FILE = YES;
				INFOPLIST_KEY_UIApplicationSceneManifest_Generation = YES;
				INFOPLIST_KEY_UIApplicationSupportsIndirectInputEvents = YES;
				INFOPLIST_KEY_UILaunchScreen_Generation = YES;
				INFOPLIST_KEY_UIRequiresFullScreen = NO;
				INFOPLIST_KEY_UISupportedInterfaceOrientations = "UIInterfaceOrientationLandscapeLeft UIInterfaceOrientationLandscapeRight UIInterfaceOrientationPortrait";
				INFOPLIST_KEY_UISupportedInterfaceOrientations_iPad = UIInterfaceOrientationPortrait;
				LD_RUNPATH_SEARCH_PATHS = (
					"$(inherited)",
					"@executable_path/Frameworks",
				);
				MARKETING_VERSION = 1.0;
				PRODUCT_BUNDLE_IDENTIFIER = Gaggo.PingPongTournament;
				PRODUCT_NAME = "$(TARGET_NAME)";
				SUPPORTED_PLATFORMS = "iphoneos iphonesimulator";
				SUPPORTS_MACCATALYST = NO;
				SUPPORTS_MAC_DESIGNED_FOR_IPHONE_IPAD = NO;
				SWIFT_EMIT_LOC_STRINGS = YES;
				SWIFT_OPTIMIZATION_LEVEL = "-Onone";
				SWIFT_VERSION = 5.0;
				TARGETED_DEVICE_FAMILY = 1;
			};
			name = Debug;
		};
		C78985D42AD0869300ABEF2C /* Release */ = {
			isa = XCBuildConfiguration;
			buildSettings = {
				ASSETCATALOG_COMPILER_APPICON_NAME = AppIcon;
				ASSETCATALOG_COMPILER_GLOBAL_ACCENT_COLOR_NAME = AccentColor;
				CLANG_ENABLE_MODULES = YES;
				CODE_SIGN_STYLE = Automatic;
				CURRENT_PROJECT_VERSION = 1;
				DEVELOPMENT_ASSET_PATHS = "\"PingPongTournament/Preview Content\"";
				DEVELOPMENT_TEAM = "";
				ENABLE_PREVIEWS = YES;
				GENERATE_INFOPLIST_FILE = YES;
				INFOPLIST_KEY_UIApplicationSceneManifest_Generation = YES;
				INFOPLIST_KEY_UIApplicationSupportsIndirectInputEvents = YES;
				INFOPLIST_KEY_UILaunchScreen_Generation = YES;
				INFOPLIST_KEY_UIRequiresFullScreen = NO;
				INFOPLIST_KEY_UISupportedInterfaceOrientations = "UIInterfaceOrientationLandscapeLeft UIInterfaceOrientationLandscapeRight UIInterfaceOrientationPortrait";
				INFOPLIST_KEY_UISupportedInterfaceOrientations_iPad = UIInterfaceOrientationPortrait;
				LD_RUNPATH_SEARCH_PATHS = (
					"$(inherited)",
					"@executable_path/Frameworks",
				);
				MARKETING_VERSION = 1.0;
				PRODUCT_BUNDLE_IDENTIFIER = Gaggo.PingPongTournament;
				PRODUCT_NAME = "$(TARGET_NAME)";
				SUPPORTED_PLATFORMS = "iphoneos iphonesimulator";
				SUPPORTS_MACCATALYST = NO;
				SUPPORTS_MAC_DESIGNED_FOR_IPHONE_IPAD = NO;
				SWIFT_EMIT_LOC_STRINGS = YES;
				SWIFT_VERSION = 5.0;
				TARGETED_DEVICE_FAMILY = 1;
			};
			name = Release;
		};
		C78985D62AD0869300ABEF2C /* Debug */ = {
			isa = XCBuildConfiguration;
			buildSettings = {
				ALWAYS_EMBED_SWIFT_STANDARD_LIBRARIES = YES;
				BUNDLE_LOADER = "$(TEST_HOST)";
				CODE_SIGN_STYLE = Automatic;
				CURRENT_PROJECT_VERSION = 1;
				GENERATE_INFOPLIST_FILE = YES;
				IPHONEOS_DEPLOYMENT_TARGET = 16.4;
				MARKETING_VERSION = 1.0;
				PRODUCT_BUNDLE_IDENTIFIER = Gaggo.PingPongTournamentTests;
				PRODUCT_NAME = "$(TARGET_NAME)";
				SWIFT_EMIT_LOC_STRINGS = NO;
				SWIFT_VERSION = 5.0;
				TARGETED_DEVICE_FAMILY = "1,2";
				TEST_HOST = "$(BUILT_PRODUCTS_DIR)/PingoPongo.app/$(BUNDLE_EXECUTABLE_FOLDER_PATH)/PingoPongo";
			};
			name = Debug;
		};
		C78985D72AD0869300ABEF2C /* Release */ = {
			isa = XCBuildConfiguration;
			buildSettings = {
				ALWAYS_EMBED_SWIFT_STANDARD_LIBRARIES = YES;
				BUNDLE_LOADER = "$(TEST_HOST)";
				CODE_SIGN_STYLE = Automatic;
				CURRENT_PROJECT_VERSION = 1;
				GENERATE_INFOPLIST_FILE = YES;
				IPHONEOS_DEPLOYMENT_TARGET = 16.4;
				MARKETING_VERSION = 1.0;
				PRODUCT_BUNDLE_IDENTIFIER = Gaggo.PingPongTournamentTests;
				PRODUCT_NAME = "$(TARGET_NAME)";
				SWIFT_EMIT_LOC_STRINGS = NO;
				SWIFT_VERSION = 5.0;
				TARGETED_DEVICE_FAMILY = "1,2";
				TEST_HOST = "$(BUILT_PRODUCTS_DIR)/PingoPongo.app/$(BUNDLE_EXECUTABLE_FOLDER_PATH)/PingoPongo";
			};
			name = Release;
		};
		C78985D92AD0869300ABEF2C /* Debug */ = {
			isa = XCBuildConfiguration;
			buildSettings = {
				ALWAYS_EMBED_SWIFT_STANDARD_LIBRARIES = YES;
				CODE_SIGN_STYLE = Automatic;
				CURRENT_PROJECT_VERSION = 1;
				GENERATE_INFOPLIST_FILE = YES;
				MARKETING_VERSION = 1.0;
				PRODUCT_BUNDLE_IDENTIFIER = Gaggo.PingPongTournamentUITests;
				PRODUCT_NAME = "$(TARGET_NAME)";
				SWIFT_EMIT_LOC_STRINGS = NO;
				SWIFT_VERSION = 5.0;
				TARGETED_DEVICE_FAMILY = "1,2";
				TEST_TARGET_NAME = PingPongTournament;
			};
			name = Debug;
		};
		C78985DA2AD0869300ABEF2C /* Release */ = {
			isa = XCBuildConfiguration;
			buildSettings = {
				ALWAYS_EMBED_SWIFT_STANDARD_LIBRARIES = YES;
				CODE_SIGN_STYLE = Automatic;
				CURRENT_PROJECT_VERSION = 1;
				GENERATE_INFOPLIST_FILE = YES;
				MARKETING_VERSION = 1.0;
				PRODUCT_BUNDLE_IDENTIFIER = Gaggo.PingPongTournamentUITests;
				PRODUCT_NAME = "$(TARGET_NAME)";
				SWIFT_EMIT_LOC_STRINGS = NO;
				SWIFT_VERSION = 5.0;
				TARGETED_DEVICE_FAMILY = "1,2";
				TEST_TARGET_NAME = PingPongTournament;
			};
			name = Release;
		};
/* End XCBuildConfiguration section */

/* Begin XCConfigurationList section */
		C78985A92AD0869200ABEF2C /* Build configuration list for PBXProject "PingoPongo" */ = {
			isa = XCConfigurationList;
			buildConfigurations = (
				C78985D02AD0869300ABEF2C /* Debug */,
				C78985D12AD0869300ABEF2C /* Release */,
			);
			defaultConfigurationIsVisible = 0;
			defaultConfigurationName = Release;
		};
		C78985D22AD0869300ABEF2C /* Build configuration list for PBXNativeTarget "PingoPongo" */ = {
			isa = XCConfigurationList;
			buildConfigurations = (
				C78985D32AD0869300ABEF2C /* Debug */,
				C78985D42AD0869300ABEF2C /* Release */,
			);
			defaultConfigurationIsVisible = 0;
			defaultConfigurationName = Release;
		};
		C78985D52AD0869300ABEF2C /* Build configuration list for PBXNativeTarget "PingoPongoTests" */ = {
			isa = XCConfigurationList;
			buildConfigurations = (
				C78985D62AD0869300ABEF2C /* Debug */,
				C78985D72AD0869300ABEF2C /* Release */,
			);
			defaultConfigurationIsVisible = 0;
			defaultConfigurationName = Release;
		};
		C78985D82AD0869300ABEF2C /* Build configuration list for PBXNativeTarget "PingoPongoUITests" */ = {
			isa = XCConfigurationList;
			buildConfigurations = (
				C78985D92AD0869300ABEF2C /* Debug */,
				C78985DA2AD0869300ABEF2C /* Release */,
			);
			defaultConfigurationIsVisible = 0;
			defaultConfigurationName = Release;
		};
/* End XCConfigurationList section */
	};
	rootObject = C78985A62AD0869200ABEF2C /* Project object */;
}
